
Microsoft Visual Studio Solution File, Format Version 12.00
# Visual Studio Version 17
VisualStudioVersion = 17.13.35818.85
MinimumVisualStudioVersion = 10.0.40219.1
Project("{FAE04EC0-301F-11D3-BF4B-00C04F79EFBC}") = "CRD-SQL", "CRD-SQL\CRD-SQL.csproj", "{CD01DE0C-BE2D-7532-33E2-87E4EF352C2B}"
EndProject
Project("{FAE04EC0-301F-11D3-BF4B-00C04F79EFBC}") = "CRD-API", "CRD-API\CRD-API.csproj", "{9C51632A-258F-C683-224E-2891B2AC1C40}"
EndProject
Project("{FAE04EC0-301F-11D3-BF4B-00C04F79EFBC}") = "CRD-WEB", "CRD-WEB\CRD-WEB.csproj", "{9A9209AF-B0C9-F14F-3408-75466DCD0A27}"
EndProject
Global
	GlobalSection(SolutionConfigurationPlatforms) = preSolution
		Debug|Any CPU = Debug|Any CPU
		Release|Any CPU = Release|Any CPU
	EndGlobalSection
	GlobalSection(ProjectConfigurationPlatforms) = postSolution
		{CD01DE0C-BE2D-7532-33E2-87E4EF352C2B}.Debug|Any CPU.ActiveCfg = Debug|Any CPU
		{CD01DE0C-BE2D-7532-33E2-87E4EF352C2B}.Debug|Any CPU.Build.0 = Debug|Any CPU
		{CD01DE0C-BE2D-7532-33E2-87E4EF352C2B}.Release|Any CPU.ActiveCfg = Release|Any CPU
		{CD01DE0C-BE2D-7532-33E2-87E4EF352C2B}.Release|Any CPU.Build.0 = Release|Any CPU
		{9C51632A-258F-C683-224E-2891B2AC1C40}.Debug|Any CPU.ActiveCfg = Debug|Any CPU
		{9C51632A-258F-C683-224E-2891B2AC1C40}.Debug|Any CPU.Build.0 = Debug|Any CPU
		{9C51632A-258F-C683-224E-2891B2AC1C40}.Release|Any CPU.ActiveCfg = Release|Any CPU
		{9C51632A-258F-C683-224E-2891B2AC1C40}.Release|Any CPU.Build.0 = Release|Any CPU
		{9A9209AF-B0C9-F14F-3408-75466DCD0A27}.Debug|Any CPU.ActiveCfg = Debug|Any CPU
		{9A9209AF-B0C9-F14F-3408-75466DCD0A27}.Debug|Any CPU.Build.0 = Debug|Any CPU
		{9A9209AF-B0C9-F14F-3408-75466DCD0A27}.Release|Any CPU.ActiveCfg = Release|Any CPU
		{9A9209AF-B0C9-F14F-3408-75466DCD0A27}.Release|Any CPU.Build.0 = Release|Any CPU
	EndGlobalSection
	GlobalSection(SolutionProperties) = preSolution
		HideSolutionNode = FALSE
	EndGlobalSection
	GlobalSection(ExtensibilityGlobals) = postSolution
		SolutionGuid = {6CA2D4F4-0FD1-41FA-92CD-344EB2AB1B8A}
	EndGlobalSection
EndGlobal
